// !$*UTF8*$!
{
	archiveVersion = 1;
	classes = {
	};
	objectVersion = 50;
	objects = {

/* Begin PBXBuildFile section */
		62D9637B25A78AD800D58062 /* Tests_iOS.swift in Sources */ = {isa = PBXBuildFile; fileRef = 62D9637A25A78AD800D58062 /* Tests_iOS.swift */; };
		62D9638625A78AD800D58062 /* Tests_macOS.swift in Sources */ = {isa = PBXBuildFile; fileRef = 62D9638525A78AD800D58062 /* Tests_macOS.swift */; };
		62D9638825A78AD800D58062 /* reminderappApp.swift in Sources */ = {isa = PBXBuildFile; fileRef = 62D9635F25A78AD200D58062 /* reminderappApp.swift */; };
		62D9638925A78AD800D58062 /* reminderappApp.swift in Sources */ = {isa = PBXBuildFile; fileRef = 62D9635F25A78AD200D58062 /* reminderappApp.swift */; };
		62D9638A25A78AD800D58062 /* ContentView.swift in Sources */ = {isa = PBXBuildFile; fileRef = 62D9636025A78AD200D58062 /* ContentView.swift */; };
		62D9638B25A78AD800D58062 /* ContentView.swift in Sources */ = {isa = PBXBuildFile; fileRef = 62D9636025A78AD200D58062 /* ContentView.swift */; };
		62D9638C25A78AD800D58062 /* Assets.xcassets in Resources */ = {isa = PBXBuildFile; fileRef = 62D9636125A78AD700D58062 /* Assets.xcassets */; };
		62D9638D25A78AD800D58062 /* Assets.xcassets in Resources */ = {isa = PBXBuildFile; fileRef = 62D9636125A78AD700D58062 /* Assets.xcassets */; };
/* End PBXBuildFile section */

/* Begin PBXContainerItemProxy section */
		62D9637725A78AD800D58062 /* PBXContainerItemProxy */ = {
			isa = PBXContainerItemProxy;
			containerPortal = 62D9635A25A78AD100D58062 /* Project object */;
			proxyType = 1;
			remoteGlobalIDString = 62D9636525A78AD800D58062;
			remoteInfo = "reminderapp (iOS)";
		};
		62D9638225A78AD800D58062 /* PBXContainerItemProxy */ = {
			isa = PBXContainerItemProxy;
			containerPortal = 62D9635A25A78AD100D58062 /* Project object */;
			proxyType = 1;
			remoteGlobalIDString = 62D9636D25A78AD800D58062;
			remoteInfo = "reminderapp (macOS)";
		};
/* End PBXContainerItemProxy section */

/* Begin PBXFileReference section */
		62D9635F25A78AD200D58062 /* reminderappApp.swift */ = {isa = PBXFileReference; lastKnownFileType = sourcecode.swift; path = reminderappApp.swift; sourceTree = "<group>"; };
		62D9636025A78AD200D58062 /* ContentView.swift */ = {isa = PBXFileReference; lastKnownFileType = sourcecode.swift; path = ContentView.swift; sourceTree = "<group>"; };
		62D9636125A78AD700D58062 /* Assets.xcassets */ = {isa = PBXFileReference; lastKnownFileType = folder.assetcatalog; path = Assets.xcassets; sourceTree = "<group>"; };
		62D9636625A78AD800D58062 /* reminderapp.app */ = {isa = PBXFileReference; explicitFileType = wrapper.application; includeInIndex = 0; path = reminderapp.app; sourceTree = BUILT_PRODUCTS_DIR; };
		62D9636925A78AD800D58062 /* Info.plist */ = {isa = PBXFileReference; lastKnownFileType = text.plist.xml; path = Info.plist; sourceTree = "<group>"; };
		62D9636E25A78AD800D58062 /* reminderapp.app */ = {isa = PBXFileReference; explicitFileType = wrapper.application; includeInIndex = 0; path = reminderapp.app; sourceTree = BUILT_PRODUCTS_DIR; };
		62D9637025A78AD800D58062 /* Info.plist */ = {isa = PBXFileReference; lastKnownFileType = text.plist.xml; path = Info.plist; sourceTree = "<group>"; };
		62D9637125A78AD800D58062 /* macOS.entitlements */ = {isa = PBXFileReference; lastKnownFileType = text.plist.entitlements; path = macOS.entitlements; sourceTree = "<group>"; };
		62D9637625A78AD800D58062 /* Tests iOS.xctest */ = {isa = PBXFileReference; explicitFileType = wrapper.cfbundle; includeInIndex = 0; path = "Tests iOS.xctest"; sourceTree = BUILT_PRODUCTS_DIR; };
		62D9637A25A78AD800D58062 /* Tests_iOS.swift */ = {isa = PBXFileReference; lastKnownFileType = sourcecode.swift; path = Tests_iOS.swift; sourceTree = "<group>"; };
		62D9637C25A78AD800D58062 /* Info.plist */ = {isa = PBXFileReference; lastKnownFileType = text.plist.xml; path = Info.plist; sourceTree = "<group>"; };
		62D9638125A78AD800D58062 /* Tests macOS.xctest */ = {isa = PBXFileReference; explicitFileType = wrapper.cfbundle; includeInIndex = 0; path = "Tests macOS.xctest"; sourceTree = BUILT_PRODUCTS_DIR; };
		62D9638525A78AD800D58062 /* Tests_macOS.swift */ = {isa = PBXFileReference; lastKnownFileType = sourcecode.swift; path = Tests_macOS.swift; sourceTree = "<group>"; };
		62D9638725A78AD800D58062 /* Info.plist */ = {isa = PBXFileReference; lastKnownFileType = text.plist.xml; path = Info.plist; sourceTree = "<group>"; };
/* End PBXFileReference section */

/* Begin PBXFrameworksBuildPhase section */
		62D9636325A78AD800D58062 /* Frameworks */ = {
			isa = PBXFrameworksBuildPhase;
			buildActionMask = 2147483647;
			files = (
			);
			runOnlyForDeploymentPostprocessing = 0;
		};
		62D9636B25A78AD800D58062 /* Frameworks */ = {
			isa = PBXFrameworksBuildPhase;
			buildActionMask = 2147483647;
			files = (
			);
			runOnlyForDeploymentPostprocessing = 0;
		};
		62D9637325A78AD800D58062 /* Frameworks */ = {
			isa = PBXFrameworksBuildPhase;
			buildActionMask = 2147483647;
			files = (
			);
			runOnlyForDeploymentPostprocessing = 0;
		};
		62D9637E25A78AD800D58062 /* Frameworks */ = {
			isa = PBXFrameworksBuildPhase;
			buildActionMask = 2147483647;
			files = (
			);
			runOnlyForDeploymentPostprocessing = 0;
		};
/* End PBXFrameworksBuildPhase section */

/* Begin PBXGroup section */
		62D9635925A78AD100D58062 = {
			isa = PBXGroup;
			children = (
				62D9635E25A78AD200D58062 /* Shared */,
				62D9636825A78AD800D58062 /* iOS */,
				62D9636F25A78AD800D58062 /* macOS */,
				62D9637925A78AD800D58062 /* Tests iOS */,
				62D9638425A78AD800D58062 /* Tests macOS */,
				62D9636725A78AD800D58062 /* Products */,
			);
			sourceTree = "<group>";
		};
		62D9635E25A78AD200D58062 /* Shared */ = {
			isa = PBXGroup;
			children = (
				62D9635F25A78AD200D58062 /* reminderappApp.swift */,
				62D9636025A78AD200D58062 /* ContentView.swift */,
				62D9636125A78AD700D58062 /* Assets.xcassets */,
			);
			path = Shared;
			sourceTree = "<group>";
		};
		62D9636725A78AD800D58062 /* Products */ = {
			isa = PBXGroup;
			children = (
				62D9636625A78AD800D58062 /* reminderapp.app */,
				62D9636E25A78AD800D58062 /* reminderapp.app */,
				62D9637625A78AD800D58062 /* Tests iOS.xctest */,
				62D9638125A78AD800D58062 /* Tests macOS.xctest */,
			);
			name = Products;
			sourceTree = "<group>";
		};
		62D9636825A78AD800D58062 /* iOS */ = {
			isa = PBXGroup;
			children = (
				62D9636925A78AD800D58062 /* Info.plist */,
			);
			path = iOS;
			sourceTree = "<group>";
		};
		62D9636F25A78AD800D58062 /* macOS */ = {
			isa = PBXGroup;
			children = (
				62D9637025A78AD800D58062 /* Info.plist */,
				62D9637125A78AD800D58062 /* macOS.entitlements */,
			);
			path = macOS;
			sourceTree = "<group>";
		};
		62D9637925A78AD800D58062 /* Tests iOS */ = {
			isa = PBXGroup;
			children = (
				62D9637A25A78AD800D58062 /* Tests_iOS.swift */,
				62D9637C25A78AD800D58062 /* Info.plist */,
			);
			path = "Tests iOS";
			sourceTree = "<group>";
		};
		62D9638425A78AD800D58062 /* Tests macOS */ = {
			isa = PBXGroup;
			children = (
				62D9638525A78AD800D58062 /* Tests_macOS.swift */,
				62D9638725A78AD800D58062 /* Info.plist */,
			);
			path = "Tests macOS";
			sourceTree = "<group>";
		};
/* End PBXGroup section */

/* Begin PBXNativeTarget section */
		62D9636525A78AD800D58062 /* reminderapp (iOS) */ = {
			isa = PBXNativeTarget;
			buildConfigurationList = 62D9639025A78AD800D58062 /* Build configuration list for PBXNativeTarget "reminderapp (iOS)" */;
			buildPhases = (
				62D9636225A78AD800D58062 /* Sources */,
				62D9636325A78AD800D58062 /* Frameworks */,
				62D9636425A78AD800D58062 /* Resources */,
			);
			buildRules = (
			);
			dependencies = (
			);
			name = "reminderapp (iOS)";
			productName = "reminderapp (iOS)";
			productReference = 62D9636625A78AD800D58062 /* reminderapp.app */;
			productType = "com.apple.product-type.application";
		};
		62D9636D25A78AD800D58062 /* reminderapp (macOS) */ = {
			isa = PBXNativeTarget;
			buildConfigurationList = 62D9639325A78AD800D58062 /* Build configuration list for PBXNativeTarget "reminderapp (macOS)" */;
			buildPhases = (
				62D9636A25A78AD800D58062 /* Sources */,
				62D9636B25A78AD800D58062 /* Frameworks */,
				62D9636C25A78AD800D58062 /* Resources */,
			);
			buildRules = (
			);
			dependencies = (
			);
			name = "reminderapp (macOS)";
			productName = "reminderapp (macOS)";
			productReference = 62D9636E25A78AD800D58062 /* reminderapp.app */;
			productType = "com.apple.product-type.application";
		};
		62D9637525A78AD800D58062 /* Tests iOS */ = {
			isa = PBXNativeTarget;
			buildConfigurationList = 62D9639625A78AD800D58062 /* Build configuration list for PBXNativeTarget "Tests iOS" */;
			buildPhases = (
				62D9637225A78AD800D58062 /* Sources */,
				62D9637325A78AD800D58062 /* Frameworks */,
				62D9637425A78AD800D58062 /* Resources */,
			);
			buildRules = (
			);
			dependencies = (
				62D9637825A78AD800D58062 /* PBXTargetDependency */,
			);
			name = "Tests iOS";
			productName = "Tests iOS";
			productReference = 62D9637625A78AD800D58062 /* Tests iOS.xctest */;
			productType = "com.apple.product-type.bundle.ui-testing";
		};
		62D9638025A78AD800D58062 /* Tests macOS */ = {
			isa = PBXNativeTarget;
			buildConfigurationList = 62D9639925A78AD800D58062 /* Build configuration list for PBXNativeTarget "Tests macOS" */;
			buildPhases = (
				62D9637D25A78AD800D58062 /* Sources */,
				62D9637E25A78AD800D58062 /* Frameworks */,
				62D9637F25A78AD800D58062 /* Resources */,
			);
			buildRules = (
			);
			dependencies = (
				62D9638325A78AD800D58062 /* PBXTargetDependency */,
			);
			name = "Tests macOS";
			productName = "Tests macOS";
			productReference = 62D9638125A78AD800D58062 /* Tests macOS.xctest */;
			productType = "com.apple.product-type.bundle.ui-testing";
		};
/* End PBXNativeTarget section */

/* Begin PBXProject section */
		62D9635A25A78AD100D58062 /* Project object */ = {
			isa = PBXProject;
			attributes = {
				LastSwiftUpdateCheck = 1230;
				LastUpgradeCheck = 1230;
				TargetAttributes = {
					62D9636525A78AD800D58062 = {
						CreatedOnToolsVersion = 12.3;
					};
					62D9636D25A78AD800D58062 = {
						CreatedOnToolsVersion = 12.3;
					};
					62D9637525A78AD800D58062 = {
						CreatedOnToolsVersion = 12.3;
						TestTargetID = 62D9636525A78AD800D58062;
					};
					62D9638025A78AD800D58062 = {
						CreatedOnToolsVersion = 12.3;
						TestTargetID = 62D9636D25A78AD800D58062;
					};
				};
			};
			buildConfigurationList = 62D9635D25A78AD100D58062 /* Build configuration list for PBXProject "reminderapp" */;
			compatibilityVersion = "Xcode 9.3";
			developmentRegion = en;
			hasScannedForEncodings = 0;
			knownRegions = (
				en,
				Base,
			);
			mainGroup = 62D9635925A78AD100D58062;
			productRefGroup = 62D9636725A78AD800D58062 /* Products */;
			projectDirPath = "";
			projectRoot = "";
			targets = (
				62D9636525A78AD800D58062 /* reminderapp (iOS) */,
				62D9636D25A78AD800D58062 /* reminderapp (macOS) */,
				62D9637525A78AD800D58062 /* Tests iOS */,
				62D9638025A78AD800D58062 /* Tests macOS */,
			);
		};
/* End PBXProject section */

/* Begin PBXResourcesBuildPhase section */
		62D9636425A78AD800D58062 /* Resources */ = {
			isa = PBXResourcesBuildPhase;
			buildActionMask = 2147483647;
			files = (
				62D9638C25A78AD800D58062 /* Assets.xcassets in Resources */,
			);
			runOnlyForDeploymentPostprocessing = 0;
		};
		62D9636C25A78AD800D58062 /* Resources */ = {
			isa = PBXResourcesBuildPhase;
			buildActionMask = 2147483647;
			files = (
				62D9638D25A78AD800D58062 /* Assets.xcassets in Resources */,
			);
			runOnlyForDeploymentPostprocessing = 0;
		};
		62D9637425A78AD800D58062 /* Resources */ = {
			isa = PBXResourcesBuildPhase;
			buildActionMask = 2147483647;
			files = (
			);
			runOnlyForDeploymentPostprocessing = 0;
		};
		62D9637F25A78AD800D58062 /* Resources */ = {
			isa = PBXResourcesBuildPhase;
			buildActionMask = 2147483647;
			files = (
			);
			runOnlyForDeploymentPostprocessing = 0;
		};
/* End PBXResourcesBuildPhase section */

/* Begin PBXSourcesBuildPhase section */
		62D9636225A78AD800D58062 /* Sources */ = {
			isa = PBXSourcesBuildPhase;
			buildActionMask = 2147483647;
			files = (
				62D9638A25A78AD800D58062 /* ContentView.swift in Sources */,
				62D9638825A78AD800D58062 /* reminderappApp.swift in Sources */,
			);
			runOnlyForDeploymentPostprocessing = 0;
		};
		62D9636A25A78AD800D58062 /* Sources */ = {
			isa = PBXSourcesBuildPhase;
			buildActionMask = 2147483647;
			files = (
				62D9638B25A78AD800D58062 /* ContentView.swift in Sources */,
				62D9638925A78AD800D58062 /* reminderappApp.swift in Sources */,
			);
			runOnlyForDeploymentPostprocessing = 0;
		};
		62D9637225A78AD800D58062 /* Sources */ = {
			isa = PBXSourcesBuildPhase;
			buildActionMask = 2147483647;
			files = (
				62D9637B25A78AD800D58062 /* Tests_iOS.swift in Sources */,
			);
			runOnlyForDeploymentPostprocessing = 0;
		};
		62D9637D25A78AD800D58062 /* Sources */ = {
			isa = PBXSourcesBuildPhase;
			buildActionMask = 2147483647;
			files = (
				62D9638625A78AD800D58062 /* Tests_macOS.swift in Sources */,
			);
			runOnlyForDeploymentPostprocessing = 0;
		};
/* End PBXSourcesBuildPhase section */

/* Begin PBXTargetDependency section */
		62D9637825A78AD800D58062 /* PBXTargetDependency */ = {
			isa = PBXTargetDependency;
			target = 62D9636525A78AD800D58062 /* reminderapp (iOS) */;
			targetProxy = 62D9637725A78AD800D58062 /* PBXContainerItemProxy */;
		};
		62D9638325A78AD800D58062 /* PBXTargetDependency */ = {
			isa = PBXTargetDependency;
			target = 62D9636D25A78AD800D58062 /* reminderapp (macOS) */;
			targetProxy = 62D9638225A78AD800D58062 /* PBXContainerItemProxy */;
		};
/* End PBXTargetDependency section */

/* Begin XCBuildConfiguration section */
		62D9638E25A78AD800D58062 /* Debug */ = {
			isa = XCBuildConfiguration;
			buildSettings = {
				ALWAYS_SEARCH_USER_PATHS = NO;
				CLANG_ANALYZER_NONNULL = YES;
				CLANG_ANALYZER_NUMBER_OBJECT_CONVERSION = YES_AGGRESSIVE;
				CLANG_CXX_LANGUAGE_STANDARD = "gnu++14";
				CLANG_CXX_LIBRARY = "libc++";
				CLANG_ENABLE_MODULES = YES;
				CLANG_ENABLE_OBJC_ARC = YES;
				CLANG_ENABLE_OBJC_WEAK = YES;
				CLANG_WARN_BLOCK_CAPTURE_AUTORELEASING = YES;
				CLANG_WARN_BOOL_CONVERSION = YES;
				CLANG_WARN_COMMA = YES;
				CLANG_WARN_CONSTANT_CONVERSION = YES;
				CLANG_WARN_DEPRECATED_OBJC_IMPLEMENTATIONS = YES;
				CLANG_WARN_DIRECT_OBJC_ISA_USAGE = YES_ERROR;
				CLANG_WARN_DOCUMENTATION_COMMENTS = YES;
				CLANG_WARN_EMPTY_BODY = YES;
				CLANG_WARN_ENUM_CONVERSION = YES;
				CLANG_WARN_INFINITE_RECURSION = YES;
				CLANG_WARN_INT_CONVERSION = YES;
				CLANG_WARN_NON_LITERAL_NULL_CONVERSION = YES;
				CLANG_WARN_OBJC_IMPLICIT_RETAIN_SELF = YES;
				CLANG_WARN_OBJC_LITERAL_CONVERSION = YES;
				CLANG_WARN_OBJC_ROOT_CLASS = YES_ERROR;
				CLANG_WARN_QUOTED_INCLUDE_IN_FRAMEWORK_HEADER = YES;
				CLANG_WARN_RANGE_LOOP_ANALYSIS = YES;
				CLANG_WARN_STRICT_PROTOTYPES = YES;
				CLANG_WARN_SUSPICIOUS_MOVE = YES;
				CLANG_WARN_UNGUARDED_AVAILABILITY = YES_AGGRESSIVE;
				CLANG_WARN_UNREACHABLE_CODE = YES;
				CLANG_WARN__DUPLICATE_METHOD_MATCH = YES;
				COPY_PHASE_STRIP = NO;
				DEBUG_INFORMATION_FORMAT = dwarf;
				ENABLE_STRICT_OBJC_MSGSEND = YES;
				ENABLE_TESTABILITY = YES;
				GCC_C_LANGUAGE_STANDARD = gnu11;
				GCC_DYNAMIC_NO_PIC = NO;
				GCC_NO_COMMON_BLOCKS = YES;
				GCC_OPTIMIZATION_LEVEL = 0;
				GCC_PREPROCESSOR_DEFINITIONS = (
					"DEBUG=1",
					"$(inherited)",
				);
				GCC_WARN_64_TO_32_BIT_CONVERSION = YES;
				GCC_WARN_ABOUT_RETURN_TYPE = YES_ERROR;
				GCC_WARN_UNDECLARED_SELECTOR = YES;
				GCC_WARN_UNINITIALIZED_AUTOS = YES_AGGRESSIVE;
				GCC_WARN_UNUSED_FUNCTION = YES;
				GCC_WARN_UNUSED_VARIABLE = YES;
				MTL_ENABLE_DEBUG_INFO = INCLUDE_SOURCE;
				MTL_FAST_MATH = YES;
				ONLY_ACTIVE_ARCH = YES;
				SWIFT_ACTIVE_COMPILATION_CONDITIONS = DEBUG;
				SWIFT_OPTIMIZATION_LEVEL = "-Onone";
			};
			name = Debug;
		};
		62D9638F25A78AD800D58062 /* Release */ = {
			isa = XCBuildConfiguration;
			buildSettings = {
				ALWAYS_SEARCH_USER_PATHS = NO;
				CLANG_ANALYZER_NONNULL = YES;
				CLANG_ANALYZER_NUMBER_OBJECT_CONVERSION = YES_AGGRESSIVE;
				CLANG_CXX_LANGUAGE_STANDARD = "gnu++14";
				CLANG_CXX_LIBRARY = "libc++";
				CLANG_ENABLE_MODULES = YES;
				CLANG_ENABLE_OBJC_ARC = YES;
				CLANG_ENABLE_OBJC_WEAK = YES;
				CLANG_WARN_BLOCK_CAPTURE_AUTORELEASING = YES;
				CLANG_WARN_BOOL_CONVERSION = YES;
				CLANG_WARN_COMMA = YES;
				CLANG_WARN_CONSTANT_CONVERSION = YES;
				CLANG_WARN_DEPRECATED_OBJC_IMPLEMENTATIONS = YES;
				CLANG_WARN_DIRECT_OBJC_ISA_USAGE = YES_ERROR;
				CLANG_WARN_DOCUMENTATION_COMMENTS = YES;
				CLANG_WARN_EMPTY_BODY = YES;
				CLANG_WARN_ENUM_CONVERSION = YES;
				CLANG_WARN_INFINITE_RECURSION = YES;
				CLANG_WARN_INT_CONVERSION = YES;
				CLANG_WARN_NON_LITERAL_NULL_CONVERSION = YES;
				CLANG_WARN_OBJC_IMPLICIT_RETAIN_SELF = YES;
				CLANG_WARN_OBJC_LITERAL_CONVERSION = YES;
				CLANG_WARN_OBJC_ROOT_CLASS = YES_ERROR;
				CLANG_WARN_QUOTED_INCLUDE_IN_FRAMEWORK_HEADER = YES;
				CLANG_WARN_RANGE_LOOP_ANALYSIS = YES;
				CLANG_WARN_STRICT_PROTOTYPES = YES;
				CLANG_WARN_SUSPICIOUS_MOVE = YES;
				CLANG_WARN_UNGUARDED_AVAILABILITY = YES_AGGRESSIVE;
				CLANG_WARN_UNREACHABLE_CODE = YES;
				CLANG_WARN__DUPLICATE_METHOD_MATCH = YES;
				COPY_PHASE_STRIP = NO;
				DEBUG_INFORMATION_FORMAT = "dwarf-with-dsym";
				ENABLE_NS_ASSERTIONS = NO;
				ENABLE_STRICT_OBJC_MSGSEND = YES;
				GCC_C_LANGUAGE_STANDARD = gnu11;
				GCC_NO_COMMON_BLOCKS = YES;
				GCC_WARN_64_TO_32_BIT_CONVERSION = YES;
				GCC_WARN_ABOUT_RETURN_TYPE = YES_ERROR;
				GCC_WARN_UNDECLARED_SELECTOR = YES;
				GCC_WARN_UNINITIALIZED_AUTOS = YES_AGGRESSIVE;
				GCC_WARN_UNUSED_FUNCTION = YES;
				GCC_WARN_UNUSED_VARIABLE = YES;
				MTL_ENABLE_DEBUG_INFO = NO;
				MTL_FAST_MATH = YES;
				SWIFT_COMPILATION_MODE = wholemodule;
				SWIFT_OPTIMIZATION_LEVEL = "-O";
			};
			name = Release;
		};
		62D9639125A78AD800D58062 /* Debug */ = {
			isa = XCBuildConfiguration;
			buildSettings = {
				ASSETCATALOG_COMPILER_APPICON_NAME = AppIcon;
				ASSETCATALOG_COMPILER_GLOBAL_ACCENT_COLOR_NAME = AccentColor;
				CODE_SIGN_STYLE = Automatic;
				ENABLE_PREVIEWS = YES;
				INFOPLIST_FILE = iOS/Info.plist;
				IPHONEOS_DEPLOYMENT_TARGET = 14.0;
				LD_RUNPATH_SEARCH_PATHS = (
					"$(inherited)",
					"@executable_path/Frameworks",
				);
				PRODUCT_BUNDLE_IDENTIFIER = Dawadi.reminderapp;
				PRODUCT_NAME = reminderapp;
				SDKROOT = iphoneos;
				SWIFT_VERSION = 5.0;
				TARGETED_DEVICE_FAMILY = "1,2";
			};
			name = Debug;
		};
		62D9639225A78AD800D58062 /* Release */ = {
			isa = XCBuildConfiguration;
			buildSettings = {
				ASSETCATALOG_COMPILER_APPICON_NAME = AppIcon;
				ASSETCATALOG_COMPILER_GLOBAL_ACCENT_COLOR_NAME = AccentColor;
				CODE_SIGN_STYLE = Automatic;
				ENABLE_PREVIEWS = YES;
				INFOPLIST_FILE = iOS/Info.plist;
				IPHONEOS_DEPLOYMENT_TARGET = 14.0;
				LD_RUNPATH_SEARCH_PATHS = (
					"$(inherited)",
					"@executable_path/Frameworks",
				);
				PRODUCT_BUNDLE_IDENTIFIER = Dawadi.reminderapp;
				PRODUCT_NAME = reminderapp;
				SDKROOT = iphoneos;
				SWIFT_VERSION = 5.0;
				TARGETED_DEVICE_FAMILY = "1,2";
				VALIDATE_PRODUCT = YES;
			};
			name = Release;
		};
		62D9639425A78AD800D58062 /* Debug */ = {
			isa = XCBuildConfiguration;
			buildSettings = {
				ASSETCATALOG_COMPILER_APPICON_NAME = AppIcon;
				ASSETCATALOG_COMPILER_GLOBAL_ACCENT_COLOR_NAME = AccentColor;
				CODE_SIGN_ENTITLEMENTS = macOS/macOS.entitlements;
				CODE_SIGN_STYLE = Automatic;
				COMBINE_HIDPI_IMAGES = YES;
				ENABLE_PREVIEWS = YES;
				INFOPLIST_FILE = macOS/Info.plist;
				LD_RUNPATH_SEARCH_PATHS = (
					"$(inherited)",
					"@executable_path/../Frameworks",
				);
				MACOSX_DEPLOYMENT_TARGET = 11.0;
				PRODUCT_BUNDLE_IDENTIFIER = Dawadi.reminderapp;
				PRODUCT_NAME = reminderapp;
				SDKROOT = macosx;
				SWIFT_VERSION = 5.0;
			};
			name = Debug;
		};
		62D9639525A78AD800D58062 /* Release */ = {
			isa = XCBuildConfiguration;
			buildSettings = {
				ASSETCATALOG_COMPILER_APPICON_NAME = AppIcon;
				ASSETCATALOG_COMPILER_GLOBAL_ACCENT_COLOR_NAME = AccentColor;
				CODE_SIGN_ENTITLEMENTS = macOS/macOS.entitlements;
				CODE_SIGN_STYLE = Automatic;
				COMBINE_HIDPI_IMAGES = YES;
				ENABLE_PREVIEWS = YES;
				INFOPLIST_FILE = macOS/Info.plist;
				LD_RUNPATH_SEARCH_PATHS = (
					"$(inherited)",
					"@executable_path/../Frameworks",
				);
				MACOSX_DEPLOYMENT_TARGET = 11.0;
				PRODUCT_BUNDLE_IDENTIFIER = Dawadi.reminderapp;
				PRODUCT_NAME = reminderapp;
				SDKROOT = macosx;
				SWIFT_VERSION = 5.0;
			};
			name = Release;
		};
		62D9639725A78AD800D58062 /* Debug */ = {
			isa = XCBuildConfiguration;
			buildSettings = {
				ALWAYS_EMBED_SWIFT_STANDARD_LIBRARIES = YES;
				CODE_SIGN_STYLE = Automatic;
				INFOPLIST_FILE = "Tests iOS/Info.plist";
				IPHONEOS_DEPLOYMENT_TARGET = 14.3;
				LD_RUNPATH_SEARCH_PATHS = (
					"$(inherited)",
					"@executable_path/Frameworks",
					"@loader_path/Frameworks",
				);
				PRODUCT_BUNDLE_IDENTIFIER = "Dawadi.Tests-iOS";
				PRODUCT_NAME = "$(TARGET_NAME)";
				SDKROOT = iphoneos;
				SWIFT_VERSION = 5.0;
				TARGETED_DEVICE_FAMILY = "1,2";
				TEST_TARGET_NAME = "reminderapp (iOS)";
			};
			name = Debug;
		};
		62D9639825A78AD800D58062 /* Release */ = {
			isa = XCBuildConfiguration;
			buildSettings = {
				ALWAYS_EMBED_SWIFT_STANDARD_LIBRARIES = YES;
				CODE_SIGN_STYLE = Automatic;
				INFOPLIST_FILE = "Tests iOS/Info.plist";
				IPHONEOS_DEPLOYMENT_TARGET = 14.3;
				LD_RUNPATH_SEARCH_PATHS = (
					"$(inherited)",
					"@executable_path/Frameworks",
					"@loader_path/Frameworks",
				);
				PRODUCT_BUNDLE_IDENTIFIER = "Dawadi.Tests-iOS";
				PRODUCT_NAME = "$(TARGET_NAME)";
				SDKROOT = iphoneos;
				SWIFT_VERSION = 5.0;
				TARGETED_DEVICE_FAMILY = "1,2";
				TEST_TARGET_NAME = "reminderapp (iOS)";
				VALIDATE_PRODUCT = YES;
			};
			name = Release;
		};
		62D9639A25A78AD800D58062 /* Debug */ = {
			isa = XCBuildConfiguration;
			buildSettings = {
				ALWAYS_EMBED_SWIFT_STANDARD_LIBRARIES = YES;
				CODE_SIGN_STYLE = Automatic;
				COMBINE_HIDPI_IMAGES = YES;
				INFOPLIST_FILE = "Tests macOS/Info.plist";
				LD_RUNPATH_SEARCH_PATHS = (
					"$(inherited)",
					"@executable_path/../Frameworks",
					"@loader_path/../Frameworks",
				);
				MACOSX_DEPLOYMENT_TARGET = 11.1;
				PRODUCT_BUNDLE_IDENTIFIER = "Dawadi.Tests-macOS";
				PRODUCT_NAME = "$(TARGET_NAME)";
				SDKROOT = macosx;
				SWIFT_VERSION = 5.0;
				TEST_TARGET_NAME = "reminderapp (macOS)";
			};
			name = Debug;
		};
		62D9639B25A78AD800D58062 /* Release */ = {
			isa = XCBuildConfiguration;
			buildSettings = {
				ALWAYS_EMBED_SWIFT_STANDARD_LIBRARIES = YES;
				CODE_SIGN_STYLE = Automatic;
				COMBINE_HIDPI_IMAGES = YES;
				INFOPLIST_FILE = "Tests macOS/Info.plist";
				LD_RUNPATH_SEARCH_PATHS = (
					"$(inherited)",
					"@executable_path/../Frameworks",
					"@loader_path/../Frameworks",
				);
				MACOSX_DEPLOYMENT_TARGET = 11.1;
				PRODUCT_BUNDLE_IDENTIFIER = "Dawadi.Tests-macOS";
				PRODUCT_NAME = "$(TARGET_NAME)";
				SDKROOT = macosx;
				SWIFT_VERSION = 5.0;
				TEST_TARGET_NAME = "reminderapp (macOS)";
			};
			name = Release;
		};
/* End XCBuildConfiguration section */

/* Begin XCConfigurationList section */
		62D9635D25A78AD100D58062 /* Build configuration list for PBXProject "reminderapp" */ = {
			isa = XCConfigurationList;
			buildConfigurations = (
				62D9638E25A78AD800D58062 /* Debug */,
				62D9638F25A78AD800D58062 /* Release */,
			);
			defaultConfigurationIsVisible = 0;
			defaultConfigurationName = Release;
		};
		62D9639025A78AD800D58062 /* Build configuration list for PBXNativeTarget "reminderapp (iOS)" */ = {
			isa = XCConfigurationList;
			buildConfigurations = (
				62D9639125A78AD800D58062 /* Debug */,
				62D9639225A78AD800D58062 /* Release */,
			);
			defaultConfigurationIsVisible = 0;
			defaultConfigurationName = Release;
		};
		62D9639325A78AD800D58062 /* Build configuration list for PBXNativeTarget "reminderapp (macOS)" */ = {
			isa = XCConfigurationList;
			buildConfigurations = (
				62D9639425A78AD800D58062 /* Debug */,
				62D9639525A78AD800D58062 /* Release */,
			);
			defaultConfigurationIsVisible = 0;
			defaultConfigurationName = Release;
		};
		62D9639625A78AD800D58062 /* Build configuration list for PBXNativeTarget "Tests iOS" */ = {
			isa = XCConfigurationList;
			buildConfigurations = (
				62D9639725A78AD800D58062 /* Debug */,
				62D9639825A78AD800D58062 /* Release */,
			);
			defaultConfigurationIsVisible = 0;
			defaultConfigurationName = Release;
		};
		62D9639925A78AD800D58062 /* Build configuration list for PBXNativeTarget "Tests macOS" */ = {
			isa = XCConfigurationList;
			buildConfigurations = (
				62D9639A25A78AD800D58062 /* Debug */,
				62D9639B25A78AD800D58062 /* Release */,
			);
			defaultConfigurationIsVisible = 0;
			defaultConfigurationName = Release;
		};
/* End XCConfigurationList section */
	};
	rootObject = 62D9635A25A78AD100D58062 /* Project object */;
}
